
Microsoft Visual Studio Solution File, Format Version 12.00
# Visual Studio Version 16
VisualStudioVersion = 16.0.28803.352
MinimumVisualStudioVersion = 10.0.40219.1
Project("{FAE04EC0-301F-11D3-BF4B-00C04F79EFBC}") = "PatternDecorator", "PatternDecorator\PatternDecorator.csproj", "{74BA50F3-4531-4C23-B653-F1C68FFD910E}"
EndProject
Global
	GlobalSection(SolutionConfigurationPlatforms) = preSolution
		Debug|Any CPU = Debug|Any CPU
		Release|Any CPU = Release|Any CPU
	EndGlobalSection
	GlobalSection(ProjectConfigurationPlatforms) = postSolution
		{74BA50F3-4531-4C23-B653-F1C68FFD910E}.Debug|Any CPU.ActiveCfg = Debug|Any CPU
		{74BA50F3-4531-4C23-B653-F1C68FFD910E}.Debug|Any CPU.Build.0 = Debug|Any CPU
		{74BA50F3-4531-4C23-B653-F1C68FFD910E}.Release|Any CPU.ActiveCfg = Release|Any CPU
		{74BA50F3-4531-4C23-B653-F1C68FFD910E}.Release|Any CPU.Build.0 = Release|Any CPU
	EndGlobalSection
	GlobalSection(SolutionProperties) = preSolution
		HideSolutionNode = FALSE
	EndGlobalSection
	GlobalSection(ExtensibilityGlobals) = postSolution
		SolutionGuid = {E5442EBD-52F8-4D2D-9E0D-7103A6986370}
	EndGlobalSection
EndGlobal
