
Microsoft Visual Studio Solution File, Format Version 12.00
# Visual Studio Version 16
VisualStudioVersion = 16.0.28803.352
MinimumVisualStudioVersion = 10.0.40219.1
Project("{FAE04EC0-301F-11D3-BF4B-00C04F79EFBC}") = "PatternMethod", "PatternMethod\PatternMethod.csproj", "{CE9C6936-E8FB-40E1-950C-9E7B8D41C836}"
EndProject
Global
	GlobalSection(SolutionConfigurationPlatforms) = preSolution
		Debug|Any CPU = Debug|Any CPU
		Release|Any CPU = Release|Any CPU
	EndGlobalSection
	GlobalSection(ProjectConfigurationPlatforms) = postSolution
		{CE9C6936-E8FB-40E1-950C-9E7B8D41C836}.Debug|Any CPU.ActiveCfg = Debug|Any CPU
		{CE9C6936-E8FB-40E1-950C-9E7B8D41C836}.Debug|Any CPU.Build.0 = Debug|Any CPU
		{CE9C6936-E8FB-40E1-950C-9E7B8D41C836}.Release|Any CPU.ActiveCfg = Release|Any CPU
		{CE9C6936-E8FB-40E1-950C-9E7B8D41C836}.Release|Any CPU.Build.0 = Release|Any CPU
	EndGlobalSection
	GlobalSection(SolutionProperties) = preSolution
		HideSolutionNode = FALSE
	EndGlobalSection
	GlobalSection(ExtensibilityGlobals) = postSolution
		SolutionGuid = {544051B0-9189-4E0F-B87D-AAAAB696BD4E}
	EndGlobalSection
EndGlobal
